// !$*UTF8*$!
{
	archiveVersion = 1;
	classes = {
	};
	objectVersion = 46;
	objects = {

/* Begin PBXBuildFile section */
		1807BB331C5EF581000F0029 /* main.m in Sources */ = {isa = PBXBuildFile; fileRef = 1807BB321C5EF581000F0029 /* main.m */; };
		1807BB361C5EF581000F0029 /* AppDelegate.m in Sources */ = {isa = PBXBuildFile; fileRef = 1807BB351C5EF581000F0029 /* AppDelegate.m */; };
		1807BB391C5EF581000F0029 /* ViewController.m in Sources */ = {isa = PBXBuildFile; fileRef = 1807BB381C5EF581000F0029 /* ViewController.m */; };
		1807BB3C1C5EF581000F0029 /* Main.storyboard in Resources */ = {isa = PBXBuildFile; fileRef = 1807BB3A1C5EF581000F0029 /* Main.storyboard */; };
		1807BB3E1C5EF581000F0029 /* Assets.xcassets in Resources */ = {isa = PBXBuildFile; fileRef = 1807BB3D1C5EF581000F0029 /* Assets.xcassets */; };
		1807BB411C5EF581000F0029 /* LaunchScreen.storyboard in Resources */ = {isa = PBXBuildFile; fileRef = 1807BB3F1C5EF581000F0029 /* LaunchScreen.storyboard */; };
		1807BB4C1C5EF581000F0029 /* GKAlertControllerTests.m in Sources */ = {isa = PBXBuildFile; fileRef = 1807BB4B1C5EF581000F0029 /* GKAlertControllerTests.m */; };
		1807BB571C5EF581000F0029 /* GKAlertControllerUITests.m in Sources */ = {isa = PBXBuildFile; fileRef = 1807BB561C5EF581000F0029 /* GKAlertControllerUITests.m */; };
		1807BB671C5EF5E6000F0029 /* GKAlertViewController.m in Sources */ = {isa = PBXBuildFile; fileRef = 1807BB661C5EF5E6000F0029 /* GKAlertViewController.m */; };
		1807BB691C5F000F000F0029 /* 屏幕快照 2016-02-01 上午10.52.47.png in Resources */ = {isa = PBXBuildFile; fileRef = 1807BB681C5F000F000F0029 /* 屏幕快照 2016-02-01 上午10.52.47.png */; };
		1807BB6B1C5F0062000F0029 /* 手机界面图.png in Resources */ = {isa = PBXBuildFile; fileRef = 1807BB6A1C5F0062000F0029 /* 手机界面图.png */; };
		183843151C61EC6B00D98389 /* GKBlurPresentationController.m in Sources */ = {isa = PBXBuildFile; fileRef = 183843111C61EC6B00D98389 /* GKBlurPresentationController.m */; };
		183843161C61EC6B00D98389 /* GKDropDownPresentationAnimation.m in Sources */ = {isa = PBXBuildFile; fileRef = 183843141C61EC6B00D98389 /* GKDropDownPresentationAnimation.m */; };
		1838431C1C6202E800D98389 /* GKActionSheetPresentationAnimation.m in Sources */ = {isa = PBXBuildFile; fileRef = 1838431B1C6202E800D98389 /* GKActionSheetPresentationAnimation.m */; };
		1838431F1C62034F00D98389 /* GKPresentationAnimation.m in Sources */ = {isa = PBXBuildFile; fileRef = 1838431E1C62034F00D98389 /* GKPresentationAnimation.m */; };
		18A48AAA1C744FD6007E0855 /* GKLeftSideMenuController.m in Sources */ = {isa = PBXBuildFile; fileRef = 18A48AA91C744FD6007E0855 /* GKLeftSideMenuController.m */; };
		18A48AAD1C744FF3007E0855 /* GKLeftSideMenuPresentationAnimation.m in Sources */ = {isa = PBXBuildFile; fileRef = 18A48AAC1C744FF3007E0855 /* GKLeftSideMenuPresentationAnimation.m */; };
/* End PBXBuildFile section */

/* Begin PBXContainerItemProxy section */
		1807BB481C5EF581000F0029 /* PBXContainerItemProxy */ = {
			isa = PBXContainerItemProxy;
			containerPortal = 1807BB261C5EF581000F0029 /* Project object */;
			proxyType = 1;
			remoteGlobalIDString = 1807BB2D1C5EF581000F0029;
			remoteInfo = GKAlertController;
		};
		1807BB531C5EF581000F0029 /* PBXContainerItemProxy */ = {
			isa = PBXContainerItemProxy;
			containerPortal = 1807BB261C5EF581000F0029 /* Project object */;
			proxyType = 1;
			remoteGlobalIDString = 1807BB2D1C5EF581000F0029;
			remoteInfo = GKAlertController;
		};
/* End PBXContainerItemProxy section */

/* Begin PBXFileReference section */
		1807BB2E1C5EF581000F0029 /* GKAlertController.app */ = {isa = PBXFileReference; explicitFileType = wrapper.application; includeInIndex = 0; path = GKAlertController.app; sourceTree = BUILT_PRODUCTS_DIR; };
		1807BB321C5EF581000F0029 /* main.m */ = {isa = PBXFileReference; lastKnownFileType = sourcecode.c.objc; path = main.m; sourceTree = "<group>"; };
		1807BB341C5EF581000F0029 /* AppDelegate.h */ = {isa = PBXFileReference; lastKnownFileType = sourcecode.c.h; path = AppDelegate.h; sourceTree = "<group>"; };
		1807BB351C5EF581000F0029 /* AppDelegate.m */ = {isa = PBXFileReference; lastKnownFileType = sourcecode.c.objc; path = AppDelegate.m; sourceTree = "<group>"; };
		1807BB371C5EF581000F0029 /* ViewController.h */ = {isa = PBXFileReference; lastKnownFileType = sourcecode.c.h; path = ViewController.h; sourceTree = "<group>"; };
		1807BB381C5EF581000F0029 /* ViewController.m */ = {isa = PBXFileReference; lastKnownFileType = sourcecode.c.objc; path = ViewController.m; sourceTree = "<group>"; };
		1807BB3B1C5EF581000F0029 /* Base */ = {isa = PBXFileReference; lastKnownFileType = file.storyboard; name = Base; path = Base.lproj/Main.storyboard; sourceTree = "<group>"; };
		1807BB3D1C5EF581000F0029 /* Assets.xcassets */ = {isa = PBXFileReference; lastKnownFileType = folder.assetcatalog; path = Assets.xcassets; sourceTree = "<group>"; };
		1807BB401C5EF581000F0029 /* Base */ = {isa = PBXFileReference; lastKnownFileType = file.storyboard; name = Base; path = Base.lproj/LaunchScreen.storyboard; sourceTree = "<group>"; };
		1807BB421C5EF581000F0029 /* Info.plist */ = {isa = PBXFileReference; lastKnownFileType = text.plist.xml; path = Info.plist; sourceTree = "<group>"; };
		1807BB471C5EF581000F0029 /* GKAlertControllerTests.xctest */ = {isa = PBXFileReference; explicitFileType = wrapper.cfbundle; includeInIndex = 0; path = GKAlertControllerTests.xctest; sourceTree = BUILT_PRODUCTS_DIR; };
		1807BB4B1C5EF581000F0029 /* GKAlertControllerTests.m */ = {isa = PBXFileReference; lastKnownFileType = sourcecode.c.objc; path = GKAlertControllerTests.m; sourceTree = "<group>"; };
		1807BB4D1C5EF581000F0029 /* Info.plist */ = {isa = PBXFileReference; lastKnownFileType = text.plist.xml; path = Info.plist; sourceTree = "<group>"; };
		1807BB521C5EF581000F0029 /* GKAlertControllerUITests.xctest */ = {isa = PBXFileReference; explicitFileType = wrapper.cfbundle; includeInIndex = 0; path = GKAlertControllerUITests.xctest; sourceTree = BUILT_PRODUCTS_DIR; };
		1807BB561C5EF581000F0029 /* GKAlertControllerUITests.m */ = {isa = PBXFileReference; lastKnownFileType = sourcecode.c.objc; path = GKAlertControllerUITests.m; sourceTree = "<group>"; };
		1807BB581C5EF581000F0029 /* Info.plist */ = {isa = PBXFileReference; lastKnownFileType = text.plist.xml; path = Info.plist; sourceTree = "<group>"; };
		1807BB651C5EF5E6000F0029 /* GKAlertViewController.h */ = {isa = PBXFileReference; fileEncoding = 4; lastKnownFileType = sourcecode.c.h; path = GKAlertViewController.h; sourceTree = "<group>"; };
		1807BB661C5EF5E6000F0029 /* GKAlertViewController.m */ = {isa = PBXFileReference; fileEncoding = 4; lastKnownFileType = sourcecode.c.objc; path = GKAlertViewController.m; sourceTree = "<group>"; };
		1807BB681C5F000F000F0029 /* 屏幕快照 2016-02-01 上午10.52.47.png */ = {isa = PBXFileReference; lastKnownFileType = image.png; path = "屏幕快照 2016-02-01 上午10.52.47.png"; sourceTree = "<group>"; };
		1807BB6A1C5F0062000F0029 /* 手机界面图.png */ = {isa = PBXFileReference; lastKnownFileType = image.png; path = "手机界面图.png"; sourceTree = "<group>"; };
		183843101C61EC6B00D98389 /* GKBlurPresentationController.h */ = {isa = PBXFileReference; fileEncoding = 4; lastKnownFileType = sourcecode.c.h; path = GKBlurPresentationController.h; sourceTree = "<group>"; };
		183843111C61EC6B00D98389 /* GKBlurPresentationController.m */ = {isa = PBXFileReference; fileEncoding = 4; lastKnownFileType = sourcecode.c.objc; path = GKBlurPresentationController.m; sourceTree = "<group>"; };
		183843131C61EC6B00D98389 /* GKDropDownPresentationAnimation.h */ = {isa = PBXFileReference; fileEncoding = 4; lastKnownFileType = sourcecode.c.h; path = GKDropDownPresentationAnimation.h; sourceTree = "<group>"; };
		183843141C61EC6B00D98389 /* GKDropDownPresentationAnimation.m */ = {isa = PBXFileReference; fileEncoding = 4; lastKnownFileType = sourcecode.c.objc; path = GKDropDownPresentationAnimation.m; sourceTree = "<group>"; };
		1838431A1C6202E800D98389 /* GKActionSheetPresentationAnimation.h */ = {isa = PBXFileReference; fileEncoding = 4; lastKnownFileType = sourcecode.c.h; path = GKActionSheetPresentationAnimation.h; sourceTree = "<group>"; };
		1838431B1C6202E800D98389 /* GKActionSheetPresentationAnimation.m */ = {isa = PBXFileReference; fileEncoding = 4; lastKnownFileType = sourcecode.c.objc; path = GKActionSheetPresentationAnimation.m; sourceTree = "<group>"; };
		1838431D1C62034F00D98389 /* GKPresentationAnimation.h */ = {isa = PBXFileReference; fileEncoding = 4; lastKnownFileType = sourcecode.c.h; path = GKPresentationAnimation.h; sourceTree = "<group>"; };
		1838431E1C62034F00D98389 /* GKPresentationAnimation.m */ = {isa = PBXFileReference; fileEncoding = 4; lastKnownFileType = sourcecode.c.objc; path = GKPresentationAnimation.m; sourceTree = "<group>"; };
		18A48AA81C744FD6007E0855 /* GKLeftSideMenuController.h */ = {isa = PBXFileReference; fileEncoding = 4; lastKnownFileType = sourcecode.c.h; path = GKLeftSideMenuController.h; sourceTree = "<group>"; };
		18A48AA91C744FD6007E0855 /* GKLeftSideMenuController.m */ = {isa = PBXFileReference; fileEncoding = 4; lastKnownFileType = sourcecode.c.objc; path = GKLeftSideMenuController.m; sourceTree = "<group>"; };
		18A48AAB1C744FF3007E0855 /* GKLeftSideMenuPresentationAnimation.h */ = {isa = PBXFileReference; fileEncoding = 4; lastKnownFileType = sourcecode.c.h; path = GKLeftSideMenuPresentationAnimation.h; sourceTree = "<group>"; };
		18A48AAC1C744FF3007E0855 /* GKLeftSideMenuPresentationAnimation.m */ = {isa = PBXFileReference; fileEncoding = 4; lastKnownFileType = sourcecode.c.objc; path = GKLeftSideMenuPresentationAnimation.m; sourceTree = "<group>"; };
/* End PBXFileReference section */

/* Begin PBXFrameworksBuildPhase section */
		1807BB2B1C5EF581000F0029 /* Frameworks */ = {
			isa = PBXFrameworksBuildPhase;
			buildActionMask = 2147483647;
			files = (
			);
			runOnlyForDeploymentPostprocessing = 0;
		};
		1807BB441C5EF581000F0029 /* Frameworks */ = {
			isa = PBXFrameworksBuildPhase;
			buildActionMask = 2147483647;
			files = (
			);
			runOnlyForDeploymentPostprocessing = 0;
		};
		1807BB4F1C5EF581000F0029 /* Frameworks */ = {
			isa = PBXFrameworksBuildPhase;
			buildActionMask = 2147483647;
			files = (
			);
			runOnlyForDeploymentPostprocessing = 0;
		};
/* End PBXFrameworksBuildPhase section */

/* Begin PBXGroup section */
		1807BB251C5EF581000F0029 = {
			isa = PBXGroup;
			children = (
				1807BB301C5EF581000F0029 /* GKAlertController */,
				1807BB4A1C5EF581000F0029 /* GKAlertControllerTests */,
				1807BB551C5EF581000F0029 /* GKAlertControllerUITests */,
				1807BB2F1C5EF581000F0029 /* Products */,
			);
			sourceTree = "<group>";
		};
		1807BB2F1C5EF581000F0029 /* Products */ = {
			isa = PBXGroup;
			children = (
				1807BB2E1C5EF581000F0029 /* GKAlertController.app */,
				1807BB471C5EF581000F0029 /* GKAlertControllerTests.xctest */,
				1807BB521C5EF581000F0029 /* GKAlertControllerUITests.xctest */,
			);
			name = Products;
			sourceTree = "<group>";
		};
		1807BB301C5EF581000F0029 /* GKAlertController */ = {
			isa = PBXGroup;
			children = (
				1807BB641C5EF5A5000F0029 /* GKAlert */,
				1807BB341C5EF581000F0029 /* AppDelegate.h */,
				1807BB351C5EF581000F0029 /* AppDelegate.m */,
				1807BB371C5EF581000F0029 /* ViewController.h */,
				1807BB381C5EF581000F0029 /* ViewController.m */,
				1807BB3A1C5EF581000F0029 /* Main.storyboard */,
				1807BB3D1C5EF581000F0029 /* Assets.xcassets */,
				1807BB3F1C5EF581000F0029 /* LaunchScreen.storyboard */,
				1807BB421C5EF581000F0029 /* Info.plist */,
				1807BB311C5EF581000F0029 /* Supporting Files */,
			);
			path = GKAlertController;
			sourceTree = "<group>";
		};
		1807BB311C5EF581000F0029 /* Supporting Files */ = {
			isa = PBXGroup;
			children = (
				1807BB681C5F000F000F0029 /* 屏幕快照 2016-02-01 上午10.52.47.png */,
				1807BB6A1C5F0062000F0029 /* 手机界面图.png */,
				1807BB321C5EF581000F0029 /* main.m */,
			);
			name = "Supporting Files";
			sourceTree = "<group>";
		};
		1807BB4A1C5EF581000F0029 /* GKAlertControllerTests */ = {
			isa = PBXGroup;
			children = (
				1807BB4B1C5EF581000F0029 /* GKAlertControllerTests.m */,
				1807BB4D1C5EF581000F0029 /* Info.plist */,
			);
			path = GKAlertControllerTests;
			sourceTree = "<group>";
		};
		1807BB551C5EF581000F0029 /* GKAlertControllerUITests */ = {
			isa = PBXGroup;
			children = (
				1807BB561C5EF581000F0029 /* GKAlertControllerUITests.m */,
				1807BB581C5EF581000F0029 /* Info.plist */,
			);
			path = GKAlertControllerUITests;
			sourceTree = "<group>";
		};
		1807BB641C5EF5A5000F0029 /* GKAlert */ = {
			isa = PBXGroup;
			children = (
				1807BB651C5EF5E6000F0029 /* GKAlertViewController.h */,
				1807BB661C5EF5E6000F0029 /* GKAlertViewController.m */,
				18A48AA81C744FD6007E0855 /* GKLeftSideMenuController.h */,
				18A48AA91C744FD6007E0855 /* GKLeftSideMenuController.m */,
				1838430F1C61EC6B00D98389 /* Presentation */,
				183843121C61EC6B00D98389 /* PresentationAnimation */,
			);
			path = GKAlert;
			sourceTree = "<group>";
		};
		1838430F1C61EC6B00D98389 /* Presentation */ = {
			isa = PBXGroup;
			children = (
				183843101C61EC6B00D98389 /* GKBlurPresentationController.h */,
				183843111C61EC6B00D98389 /* GKBlurPresentationController.m */,
			);
			path = Presentation;
			sourceTree = "<group>";
		};
		183843121C61EC6B00D98389 /* PresentationAnimation */ = {
			isa = PBXGroup;
			children = (
				1838431D1C62034F00D98389 /* GKPresentationAnimation.h */,
				1838431E1C62034F00D98389 /* GKPresentationAnimation.m */,
				183843131C61EC6B00D98389 /* GKDropDownPresentationAnimation.h */,
				183843141C61EC6B00D98389 /* GKDropDownPresentationAnimation.m */,
				1838431A1C6202E800D98389 /* GKActionSheetPresentationAnimation.h */,
				1838431B1C6202E800D98389 /* GKActionSheetPresentationAnimation.m */,
				18A48AAB1C744FF3007E0855 /* GKLeftSideMenuPresentationAnimation.h */,
				18A48AAC1C744FF3007E0855 /* GKLeftSideMenuPresentationAnimation.m */,
			);
			path = PresentationAnimation;
			sourceTree = "<group>";
		};
/* End PBXGroup section */

/* Begin PBXNativeTarget section */
		1807BB2D1C5EF581000F0029 /* GKAlertController */ = {
			isa = PBXNativeTarget;
			buildConfigurationList = 1807BB5B1C5EF581000F0029 /* Build configuration list for PBXNativeTarget "GKAlertController" */;
			buildPhases = (
				1807BB2A1C5EF581000F0029 /* Sources */,
				1807BB2B1C5EF581000F0029 /* Frameworks */,
				1807BB2C1C5EF581000F0029 /* Resources */,
			);
			buildRules = (
			);
			dependencies = (
			);
			name = GKAlertController;
			productName = GKAlertController;
			productReference = 1807BB2E1C5EF581000F0029 /* GKAlertController.app */;
			productType = "com.apple.product-type.application";
		};
		1807BB461C5EF581000F0029 /* GKAlertControllerTests */ = {
			isa = PBXNativeTarget;
			buildConfigurationList = 1807BB5E1C5EF581000F0029 /* Build configuration list for PBXNativeTarget "GKAlertControllerTests" */;
			buildPhases = (
				1807BB431C5EF581000F0029 /* Sources */,
				1807BB441C5EF581000F0029 /* Frameworks */,
				1807BB451C5EF581000F0029 /* Resources */,
			);
			buildRules = (
			);
			dependencies = (
				1807BB491C5EF581000F0029 /* PBXTargetDependency */,
			);
			name = GKAlertControllerTests;
			productName = GKAlertControllerTests;
			productReference = 1807BB471C5EF581000F0029 /* GKAlertControllerTests.xctest */;
			productType = "com.apple.product-type.bundle.unit-test";
		};
		1807BB511C5EF581000F0029 /* GKAlertControllerUITests */ = {
			isa = PBXNativeTarget;
			buildConfigurationList = 1807BB611C5EF581000F0029 /* Build configuration list for PBXNativeTarget "GKAlertControllerUITests" */;
			buildPhases = (
				1807BB4E1C5EF581000F0029 /* Sources */,
				1807BB4F1C5EF581000F0029 /* Frameworks */,
				1807BB501C5EF581000F0029 /* Resources */,
			);
			buildRules = (
			);
			dependencies = (
				1807BB541C5EF581000F0029 /* PBXTargetDependency */,
			);
			name = GKAlertControllerUITests;
			productName = GKAlertControllerUITests;
			productReference = 1807BB521C5EF581000F0029 /* GKAlertControllerUITests.xctest */;
			productType = "com.apple.product-type.bundle.ui-testing";
		};
/* End PBXNativeTarget section */

/* Begin PBXProject section */
		1807BB261C5EF581000F0029 /* Project object */ = {
			isa = PBXProject;
			attributes = {
				LastUpgradeCheck = 0720;
				ORGANIZATIONNAME = zhishu;
				TargetAttributes = {
					1807BB2D1C5EF581000F0029 = {
						CreatedOnToolsVersion = 7.2;
						DevelopmentTeam = G937UL7723;
					};
					1807BB461C5EF581000F0029 = {
						CreatedOnToolsVersion = 7.2;
						DevelopmentTeam = G937UL7723;
						TestTargetID = 1807BB2D1C5EF581000F0029;
					};
					1807BB511C5EF581000F0029 = {
						CreatedOnToolsVersion = 7.2;
						DevelopmentTeam = G937UL7723;
						TestTargetID = 1807BB2D1C5EF581000F0029;
					};
				};
			};
			buildConfigurationList = 1807BB291C5EF581000F0029 /* Build configuration list for PBXProject "GKAlertController" */;
			compatibilityVersion = "Xcode 3.2";
			developmentRegion = English;
			hasScannedForEncodings = 0;
			knownRegions = (
				en,
				Base,
			);
			mainGroup = 1807BB251C5EF581000F0029;
			productRefGroup = 1807BB2F1C5EF581000F0029 /* Products */;
			projectDirPath = "";
			projectRoot = "";
			targets = (
				1807BB2D1C5EF581000F0029 /* GKAlertController */,
				1807BB461C5EF581000F0029 /* GKAlertControllerTests */,
				1807BB511C5EF581000F0029 /* GKAlertControllerUITests */,
			);
		};
/* End PBXProject section */

/* Begin PBXResourcesBuildPhase section */
		1807BB2C1C5EF581000F0029 /* Resources */ = {
			isa = PBXResourcesBuildPhase;
			buildActionMask = 2147483647;
			files = (
				1807BB411C5EF581000F0029 /* LaunchScreen.storyboard in Resources */,
				1807BB3E1C5EF581000F0029 /* Assets.xcassets in Resources */,
				1807BB691C5F000F000F0029 /* 屏幕快照 2016-02-01 上午10.52.47.png in Resources */,
				1807BB3C1C5EF581000F0029 /* Main.storyboard in Resources */,
				1807BB6B1C5F0062000F0029 /* 手机界面图.png in Resources */,
			);
			runOnlyForDeploymentPostprocessing = 0;
		};
		1807BB451C5EF581000F0029 /* Resources */ = {
			isa = PBXResourcesBuildPhase;
			buildActionMask = 2147483647;
			files = (
			);
			runOnlyForDeploymentPostprocessing = 0;
		};
		1807BB501C5EF581000F0029 /* Resources */ = {
			isa = PBXResourcesBuildPhase;
			buildActionMask = 2147483647;
			files = (
			);
			runOnlyForDeploymentPostprocessing = 0;
		};
/* End PBXResourcesBuildPhase section */

/* Begin PBXSourcesBuildPhase section */
		1807BB2A1C5EF581000F0029 /* Sources */ = {
			isa = PBXSourcesBuildPhase;
			buildActionMask = 2147483647;
			files = (
				1807BB391C5EF581000F0029 /* ViewController.m in Sources */,
				1807BB361C5EF581000F0029 /* AppDelegate.m in Sources */,
				1838431F1C62034F00D98389 /* GKPresentationAnimation.m in Sources */,
				18A48AAD1C744FF3007E0855 /* GKLeftSideMenuPresentationAnimation.m in Sources */,
				183843161C61EC6B00D98389 /* GKDropDownPresentationAnimation.m in Sources */,
				1807BB331C5EF581000F0029 /* main.m in Sources */,
				1838431C1C6202E800D98389 /* GKActionSheetPresentationAnimation.m in Sources */,
				1807BB671C5EF5E6000F0029 /* GKAlertViewController.m in Sources */,
				183843151C61EC6B00D98389 /* GKBlurPresentationController.m in Sources */,
				18A48AAA1C744FD6007E0855 /* GKLeftSideMenuController.m in Sources */,
			);
			runOnlyForDeploymentPostprocessing = 0;
		};
		1807BB431C5EF581000F0029 /* Sources */ = {
			isa = PBXSourcesBuildPhase;
			buildActionMask = 2147483647;
			files = (
				1807BB4C1C5EF581000F0029 /* GKAlertControllerTests.m in Sources */,
			);
			runOnlyForDeploymentPostprocessing = 0;
		};
		1807BB4E1C5EF581000F0029 /* Sources */ = {
			isa = PBXSourcesBuildPhase;
			buildActionMask = 2147483647;
			files = (
				1807BB571C5EF581000F0029 /* GKAlertControllerUITests.m in Sources */,
			);
			runOnlyForDeploymentPostprocessing = 0;
		};
/* End PBXSourcesBuildPhase section */

/* Begin PBXTargetDependency section */
		1807BB491C5EF581000F0029 /* PBXTargetDependency */ = {
			isa = PBXTargetDependency;
			target = 1807BB2D1C5EF581000F0029 /* GKAlertController */;
			targetProxy = 1807BB481C5EF581000F0029 /* PBXContainerItemProxy */;
		};
		1807BB541C5EF581000F0029 /* PBXTargetDependency */ = {
			isa = PBXTargetDependency;
			target = 1807BB2D1C5EF581000F0029 /* GKAlertController */;
			targetProxy = 1807BB531C5EF581000F0029 /* PBXContainerItemProxy */;
		};
/* End PBXTargetDependency section */

/* Begin PBXVariantGroup section */
		1807BB3A1C5EF581000F0029 /* Main.storyboard */ = {
			isa = PBXVariantGroup;
			children = (
				1807BB3B1C5EF581000F0029 /* Base */,
			);
			name = Main.storyboard;
			sourceTree = "<group>";
		};
		1807BB3F1C5EF581000F0029 /* LaunchScreen.storyboard */ = {
			isa = PBXVariantGroup;
			children = (
				1807BB401C5EF581000F0029 /* Base */,
			);
			name = LaunchScreen.storyboard;
			sourceTree = "<group>";
		};
/* End PBXVariantGroup section */

/* Begin XCBuildConfiguration section */
		1807BB591C5EF581000F0029 /* Debug */ = {
			isa = XCBuildConfiguration;
			buildSettings = {
				ALWAYS_SEARCH_USER_PATHS = NO;
				CLANG_CXX_LANGUAGE_STANDARD = "gnu++0x";
				CLANG_CXX_LIBRARY = "libc++";
				CLANG_ENABLE_MODULES = YES;
				CLANG_ENABLE_OBJC_ARC = YES;
				CLANG_WARN_BOOL_CONVERSION = YES;
				CLANG_WARN_CONSTANT_CONVERSION = YES;
				CLANG_WARN_DIRECT_OBJC_ISA_USAGE = YES_ERROR;
				CLANG_WARN_EMPTY_BODY = YES;
				CLANG_WARN_ENUM_CONVERSION = YES;
				CLANG_WARN_INT_CONVERSION = YES;
				CLANG_WARN_OBJC_ROOT_CLASS = YES_ERROR;
				CLANG_WARN_UNREACHABLE_CODE = YES;
				CLANG_WARN__DUPLICATE_METHOD_MATCH = YES;
				"CODE_SIGN_IDENTITY[sdk=iphoneos*]" = "iPhone Developer";
				COPY_PHASE_STRIP = NO;
				DEBUG_INFORMATION_FORMAT = dwarf;
				ENABLE_STRICT_OBJC_MSGSEND = YES;
				ENABLE_TESTABILITY = YES;
				GCC_C_LANGUAGE_STANDARD = gnu99;
				GCC_DYNAMIC_NO_PIC = NO;
				GCC_NO_COMMON_BLOCKS = YES;
				GCC_OPTIMIZATION_LEVEL = 0;
				GCC_PREPROCESSOR_DEFINITIONS = (
					"DEBUG=1",
					"$(inherited)",
				);
				GCC_WARN_64_TO_32_BIT_CONVERSION = YES;
				GCC_WARN_ABOUT_RETURN_TYPE = YES_ERROR;
				GCC_WARN_UNDECLARED_SELECTOR = YES;
				GCC_WARN_UNINITIALIZED_AUTOS = YES_AGGRESSIVE;
				GCC_WARN_UNUSED_FUNCTION = YES;
				GCC_WARN_UNUSED_VARIABLE = YES;
				IPHONEOS_DEPLOYMENT_TARGET = 9.2;
				MTL_ENABLE_DEBUG_INFO = YES;
				ONLY_ACTIVE_ARCH = YES;
				SDKROOT = iphoneos;
			};
			name = Debug;
		};
		1807BB5A1C5EF581000F0029 /* Release */ = {
			isa = XCBuildConfiguration;
			buildSettings = {
				ALWAYS_SEARCH_USER_PATHS = NO;
				CLANG_CXX_LANGUAGE_STANDARD = "gnu++0x";
				CLANG_CXX_LIBRARY = "libc++";
				CLANG_ENABLE_MODULES = YES;
				CLANG_ENABLE_OBJC_ARC = YES;
				CLANG_WARN_BOOL_CONVERSION = YES;
				CLANG_WARN_CONSTANT_CONVERSION = YES;
				CLANG_WARN_DIRECT_OBJC_ISA_USAGE = YES_ERROR;
				CLANG_WARN_EMPTY_BODY = YES;
				CLANG_WARN_ENUM_CONVERSION = YES;
				CLANG_WARN_INT_CONVERSION = YES;
				CLANG_WARN_OBJC_ROOT_CLASS = YES_ERROR;
				CLANG_WARN_UNREACHABLE_CODE = YES;
				CLANG_WARN__DUPLICATE_METHOD_MATCH = YES;
				"CODE_SIGN_IDENTITY[sdk=iphoneos*]" = "iPhone Developer";
				COPY_PHASE_STRIP = NO;
				DEBUG_INFORMATION_FORMAT = "dwarf-with-dsym";
				ENABLE_NS_ASSERTIONS = NO;
				ENABLE_STRICT_OBJC_MSGSEND = YES;
				GCC_C_LANGUAGE_STANDARD = gnu99;
				GCC_NO_COMMON_BLOCKS = YES;
				GCC_WARN_64_TO_32_BIT_CONVERSION = YES;
				GCC_WARN_ABOUT_RETURN_TYPE = YES_ERROR;
				GCC_WARN_UNDECLARED_SELECTOR = YES;
				GCC_WARN_UNINITIALIZED_AUTOS = YES_AGGRESSIVE;
				GCC_WARN_UNUSED_FUNCTION = YES;
				GCC_WARN_UNUSED_VARIABLE = YES;
				IPHONEOS_DEPLOYMENT_TARGET = 9.2;
				MTL_ENABLE_DEBUG_INFO = NO;
				SDKROOT = iphoneos;
				VALIDATE_PRODUCT = YES;
			};
			name = Release;
		};
		1807BB5C1C5EF581000F0029 /* Debug */ = {
			isa = XCBuildConfiguration;
			buildSettings = {
				ASSETCATALOG_COMPILER_APPICON_NAME = AppIcon;
				INFOPLIST_FILE = GKAlertController/Info.plist;
				LD_RUNPATH_SEARCH_PATHS = "$(inherited) @executable_path/Frameworks";
				PRODUCT_BUNDLE_IDENTIFIER = com.zhishu.GKAlertController;
				PRODUCT_NAME = "$(TARGET_NAME)";
			};
			name = Debug;
		};
		1807BB5D1C5EF581000F0029 /* Release */ = {
			isa = XCBuildConfiguration;
			buildSettings = {
				ASSETCATALOG_COMPILER_APPICON_NAME = AppIcon;
				INFOPLIST_FILE = GKAlertController/Info.plist;
				LD_RUNPATH_SEARCH_PATHS = "$(inherited) @executable_path/Frameworks";
				PRODUCT_BUNDLE_IDENTIFIER = com.zhishu.GKAlertController;
				PRODUCT_NAME = "$(TARGET_NAME)";
			};
			name = Release;
		};
		1807BB5F1C5EF581000F0029 /* Debug */ = {
			isa = XCBuildConfiguration;
			buildSettings = {
				BUNDLE_LOADER = "$(TEST_HOST)";
				INFOPLIST_FILE = GKAlertControllerTests/Info.plist;
				LD_RUNPATH_SEARCH_PATHS = "$(inherited) @executable_path/Frameworks @loader_path/Frameworks";
				PRODUCT_BUNDLE_IDENTIFIER = com.zhishu.GKAlertControllerTests;
				PRODUCT_NAME = "$(TARGET_NAME)";
				TEST_HOST = "$(BUILT_PRODUCTS_DIR)/GKAlertController.app/GKAlertController";
			};
			name = Debug;
		};
		1807BB601C5EF581000F0029 /* Release */ = {
			isa = XCBuildConfiguration;
			buildSettings = {
				BUNDLE_LOADER = "$(TEST_HOST)";
				INFOPLIST_FILE = GKAlertControllerTests/Info.plist;
				LD_RUNPATH_SEARCH_PATHS = "$(inherited) @executable_path/Frameworks @loader_path/Frameworks";
				PRODUCT_BUNDLE_IDENTIFIER = com.zhishu.GKAlertControllerTests;
				PRODUCT_NAME = "$(TARGET_NAME)";
				TEST_HOST = "$(BUILT_PRODUCTS_DIR)/GKAlertController.app/GKAlertController";
			};
			name = Release;
		};
		1807BB621C5EF581000F0029 /* Debug */ = {
			isa = XCBuildConfiguration;
			buildSettings = {
				INFOPLIST_FILE = GKAlertControllerUITests/Info.plist;
				LD_RUNPATH_SEARCH_PATHS = "$(inherited) @executable_path/Frameworks @loader_path/Frameworks";
				PRODUCT_BUNDLE_IDENTIFIER = com.zhishu.GKAlertControllerUITests;
				PRODUCT_NAME = "$(TARGET_NAME)";
				TEST_TARGET_NAME = GKAlertController;
				USES_XCTRUNNER = YES;
			};
			name = Debug;
		};
		1807BB631C5EF581000F0029 /* Release */ = {
			isa = XCBuildConfiguration;
			buildSettings = {
				INFOPLIST_FILE = GKAlertControllerUITests/Info.plist;
				LD_RUNPATH_SEARCH_PATHS = "$(inherited) @executable_path/Frameworks @loader_path/Frameworks";
				PRODUCT_BUNDLE_IDENTIFIER = com.zhishu.GKAlertControllerUITests;
				PRODUCT_NAME = "$(TARGET_NAME)";
				TEST_TARGET_NAME = GKAlertController;
				USES_XCTRUNNER = YES;
			};
			name = Release;
		};
/* End XCBuildConfiguration section */

/* Begin XCConfigurationList section */
		1807BB291C5EF581000F0029 /* Build configuration list for PBXProject "GKAlertController" */ = {
			isa = XCConfigurationList;
			buildConfigurations = (
				1807BB591C5EF581000F0029 /* Debug */,
				1807BB5A1C5EF581000F0029 /* Release */,
			);
			defaultConfigurationIsVisible = 0;
			defaultConfigurationName = Release;
		};
		1807BB5B1C5EF581000F0029 /* Build configuration list for PBXNativeTarget "GKAlertController" */ = {
			isa = XCConfigurationList;
			buildConfigurations = (
				1807BB5C1C5EF581000F0029 /* Debug */,
				1807BB5D1C5EF581000F0029 /* Release */,
			);
			defaultConfigurationIsVisible = 0;
			defaultConfigurationName = Release;
		};
		1807BB5E1C5EF581000F0029 /* Build configuration list for PBXNativeTarget "GKAlertControllerTests" */ = {
			isa = XCConfigurationList;
			buildConfigurations = (
				1807BB5F1C5EF581000F0029 /* Debug */,
				1807BB601C5EF581000F0029 /* Release */,
			);
			defaultConfigurationIsVisible = 0;
			defaultConfigurationName = Release;
		};
		1807BB611C5EF581000F0029 /* Build configuration list for PBXNativeTarget "GKAlertControllerUITests" */ = {
			isa = XCConfigurationList;
			buildConfigurations = (
				1807BB621C5EF581000F0029 /* Debug */,
				1807BB631C5EF581000F0029 /* Release */,
			);
			defaultConfigurationIsVisible = 0;
			defaultConfigurationName = Release;
		};
/* End XCConfigurationList section */
	};
	rootObject = 1807BB261C5EF581000F0029 /* Project object */;
}
